
Microsoft Visual Studio Solution File, Format Version 12.00
# Visual Studio 15
VisualStudioVersion = 15.0.28010.2041
MinimumVisualStudioVersion = 10.0.40219.1
Project("{FAE04EC0-301F-11D3-BF4B-00C04F79EFBC}") = "OTBSolution", "OTBSolution\OTBSolution.csproj", "{B1479C85-9E86-49C0-A82D-2DD907E2D24A}"
EndProject
Project("{FAE04EC0-301F-11D3-BF4B-00C04F79EFBC}") = "OTBSolution.Tests", "OTBSolution.Tests\OTBSolution.Tests.csproj", "{3C292EB0-3ED7-4EB4-BCC5-A7602506C1E7}"
EndProject
Global
	GlobalSection(SolutionConfigurationPlatforms) = preSolution
		Debug|Any CPU = Debug|Any CPU
		Release|Any CPU = Release|Any CPU
	EndGlobalSection
	GlobalSection(ProjectConfigurationPlatforms) = postSolution
		{B1479C85-9E86-49C0-A82D-2DD907E2D24A}.Debug|Any CPU.ActiveCfg = Debug|Any CPU
		{B1479C85-9E86-49C0-A82D-2DD907E2D24A}.Debug|Any CPU.Build.0 = Debug|Any CPU
		{B1479C85-9E86-49C0-A82D-2DD907E2D24A}.Release|Any CPU.ActiveCfg = Release|Any CPU
		{B1479C85-9E86-49C0-A82D-2DD907E2D24A}.Release|Any CPU.Build.0 = Release|Any CPU
		{3C292EB0-3ED7-4EB4-BCC5-A7602506C1E7}.Debug|Any CPU.ActiveCfg = Debug|Any CPU
		{3C292EB0-3ED7-4EB4-BCC5-A7602506C1E7}.Debug|Any CPU.Build.0 = Debug|Any CPU
		{3C292EB0-3ED7-4EB4-BCC5-A7602506C1E7}.Release|Any CPU.ActiveCfg = Release|Any CPU
		{3C292EB0-3ED7-4EB4-BCC5-A7602506C1E7}.Release|Any CPU.Build.0 = Release|Any CPU
	EndGlobalSection
	GlobalSection(SolutionProperties) = preSolution
		HideSolutionNode = FALSE
	EndGlobalSection
	GlobalSection(ExtensibilityGlobals) = postSolution
		SolutionGuid = {7D0DBFCE-3655-408B-9931-F821A7A6E65F}
	EndGlobalSection
EndGlobal
